
Microsoft Visual Studio Solution File, Format Version 12.00
# Visual Studio Version 17
VisualStudioVersion = 17.8.34408.163
MinimumVisualStudioVersion = 10.0.40219.1
Project("{FAE04EC0-301F-11D3-BF4B-00C04F79EFBC}") = "Code_Practice_Loops_NicholasIngles", "Code_Practice_Loops_NicholasIngles\Code_Practice_Loops_NicholasIngles.csproj", "{E2AC93C7-2A2F-40B1-B27A-73545F17E581}"
EndProject
Global
	GlobalSection(SolutionConfigurationPlatforms) = preSolution
		Debug|Any CPU = Debug|Any CPU
		Release|Any CPU = Release|Any CPU
	EndGlobalSection
	GlobalSection(ProjectConfigurationPlatforms) = postSolution
		{E2AC93C7-2A2F-40B1-B27A-73545F17E581}.Debug|Any CPU.ActiveCfg = Debug|Any CPU
		{E2AC93C7-2A2F-40B1-B27A-73545F17E581}.Debug|Any CPU.Build.0 = Debug|Any CPU
		{E2AC93C7-2A2F-40B1-B27A-73545F17E581}.Release|Any CPU.ActiveCfg = Release|Any CPU
		{E2AC93C7-2A2F-40B1-B27A-73545F17E581}.Release|Any CPU.Build.0 = Release|Any CPU
	EndGlobalSection
	GlobalSection(SolutionProperties) = preSolution
		HideSolutionNode = FALSE
	EndGlobalSection
	GlobalSection(ExtensibilityGlobals) = postSolution
		SolutionGuid = {08A3757E-54A5-4F8D-8646-E04CE23B212F}
	EndGlobalSection
EndGlobal
